
Microsoft Visual Studio Solution File, Format Version 12.00
# Visual Studio Version 16
VisualStudioVersion = 16.0.33027.164
MinimumVisualStudioVersion = 10.0.40219.1
Project("{FAE04EC0-301F-11D3-BF4B-00C04F79EFBC}") = "DirectorioLaboratorio1", "DirectorioLaboratorio1.csproj", "{95E5AB26-D1D9-4A5D-82B3-9862FF744A9A}"
EndProject
Global
	GlobalSection(SolutionConfigurationPlatforms) = preSolution
		Debug|Any CPU = Debug|Any CPU
		Release|Any CPU = Release|Any CPU
	EndGlobalSection
	GlobalSection(ProjectConfigurationPlatforms) = postSolution
		{95E5AB26-D1D9-4A5D-82B3-9862FF744A9A}.Debug|Any CPU.ActiveCfg = Debug|Any CPU
		{95E5AB26-D1D9-4A5D-82B3-9862FF744A9A}.Debug|Any CPU.Build.0 = Debug|Any CPU
		{95E5AB26-D1D9-4A5D-82B3-9862FF744A9A}.Release|Any CPU.ActiveCfg = Release|Any CPU
		{95E5AB26-D1D9-4A5D-82B3-9862FF744A9A}.Release|Any CPU.Build.0 = Release|Any CPU
	EndGlobalSection
	GlobalSection(SolutionProperties) = preSolution
		HideSolutionNode = FALSE
	EndGlobalSection
	GlobalSection(ExtensibilityGlobals) = postSolution
		SolutionGuid = {DA78364E-32D0-4892-8E79-7D102BF2252C}
	EndGlobalSection
EndGlobal
